// !$*UTF8*$!
{
	archiveVersion = 1;
	classes = {
	};
	objectVersion = 46;
	objects = {

/* Begin PBXBuildFile section */
		2F0D51D21A5B337600322B0D /* AppDelegate.swift in Sources */ = {isa = PBXBuildFile; fileRef = 2F0D51D11A5B337600322B0D /* AppDelegate.swift */; };
		2F0D51D41A5B337600322B0D /* ViewController.swift in Sources */ = {isa = PBXBuildFile; fileRef = 2F0D51D31A5B337600322B0D /* ViewController.swift */; };
		2F0D51D71A5B337600322B0D /* Main.storyboard in Resources */ = {isa = PBXBuildFile; fileRef = 2F0D51D51A5B337600322B0D /* Main.storyboard */; };
		2F0D51D91A5B337600322B0D /* Images.xcassets in Resources */ = {isa = PBXBuildFile; fileRef = 2F0D51D81A5B337600322B0D /* Images.xcassets */; };
		2F0D51DC1A5B337600322B0D /* LaunchScreen.xib in Resources */ = {isa = PBXBuildFile; fileRef = 2F0D51DA1A5B337600322B0D /* LaunchScreen.xib */; };
		2F0D51E81A5B337600322B0D /* MyTwitterTests.swift in Sources */ = {isa = PBXBuildFile; fileRef = 2F0D51E71A5B337600322B0D /* MyTwitterTests.swift */; };
		2F0D51F51A5B347900322B0D /* tweet.json in Resources */ = {isa = PBXBuildFile; fileRef = 2F0D51F41A5B347900322B0D /* tweet.json */; };
		2F0D51F71A5B353100322B0D /* Tweet.swift in Sources */ = {isa = PBXBuildFile; fileRef = 2F0D51F61A5B353100322B0D /* Tweet.swift */; };
		2F0D51FD1A5B473800322B0D /* TweetCell.swift in Sources */ = {isa = PBXBuildFile; fileRef = 2F0D51FC1A5B473800322B0D /* TweetCell.swift */; };
		2F901EFA1A5EE5E200F671D5 /* TweetDetailViewController.swift in Sources */ = {isa = PBXBuildFile; fileRef = 2F901EF91A5EE5E200F671D5 /* TweetDetailViewController.swift */; };
		2FEBE9D71A5DDAF6009BE2A8 /* NetworkController.swift in Sources */ = {isa = PBXBuildFile; fileRef = 2FEBE9D61A5DDAF6009BE2A8 /* NetworkController.swift */; };
		2FEBE9E11A5E1F82009BE2A8 /* TweetDetail.swift in Sources */ = {isa = PBXBuildFile; fileRef = 2FEBE9E01A5E1F82009BE2A8 /* TweetDetail.swift */; };
		2FF3924D1A5F48EC00622CD1 /* UserTimelineViewController.swift in Sources */ = {isa = PBXBuildFile; fileRef = 2FF3924C1A5F48EC00622CD1 /* UserTimelineViewController.swift */; };
		2FF3924F1A5F537100622CD1 /* CustomTweetCell.xib in Resources */ = {isa = PBXBuildFile; fileRef = 2FF3924E1A5F537100622CD1 /* CustomTweetCell.xib */; };
		2FF392511A5F570A00622CD1 /* CustomTweetCell.swift in Sources */ = {isa = PBXBuildFile; fileRef = 2FF392501A5F570A00622CD1 /* CustomTweetCell.swift */; };
/* End PBXBuildFile section */

/* Begin PBXContainerItemProxy section */
		2F0D51E21A5B337600322B0D /* PBXContainerItemProxy */ = {
			isa = PBXContainerItemProxy;
			containerPortal = 2F0D51C41A5B337600322B0D /* Project object */;
			proxyType = 1;
			remoteGlobalIDString = 2F0D51CB1A5B337600322B0D;
			remoteInfo = MyTwitter;
		};
/* End PBXContainerItemProxy section */

/* Begin PBXFileReference section */
		2F0D51CC1A5B337600322B0D /* MyTwitter.app */ = {isa = PBXFileReference; explicitFileType = wrapper.application; includeInIndex = 0; path = MyTwitter.app; sourceTree = BUILT_PRODUCTS_DIR; };
		2F0D51D01A5B337600322B0D /* Info.plist */ = {isa = PBXFileReference; lastKnownFileType = text.plist.xml; path = Info.plist; sourceTree = "<group>"; };
		2F0D51D11A5B337600322B0D /* AppDelegate.swift */ = {isa = PBXFileReference; lastKnownFileType = sourcecode.swift; path = AppDelegate.swift; sourceTree = "<group>"; };
		2F0D51D31A5B337600322B0D /* ViewController.swift */ = {isa = PBXFileReference; lastKnownFileType = sourcecode.swift; path = ViewController.swift; sourceTree = "<group>"; };
		2F0D51D61A5B337600322B0D /* Base */ = {isa = PBXFileReference; lastKnownFileType = file.storyboard; name = Base; path = Base.lproj/Main.storyboard; sourceTree = "<group>"; };
		2F0D51D81A5B337600322B0D /* Images.xcassets */ = {isa = PBXFileReference; lastKnownFileType = folder.assetcatalog; path = Images.xcassets; sourceTree = "<group>"; };
		2F0D51DB1A5B337600322B0D /* Base */ = {isa = PBXFileReference; lastKnownFileType = file.xib; name = Base; path = Base.lproj/LaunchScreen.xib; sourceTree = "<group>"; };
		2F0D51E11A5B337600322B0D /* MyTwitterTests.xctest */ = {isa = PBXFileReference; explicitFileType = wrapper.cfbundle; includeInIndex = 0; path = MyTwitterTests.xctest; sourceTree = BUILT_PRODUCTS_DIR; };
		2F0D51E61A5B337600322B0D /* Info.plist */ = {isa = PBXFileReference; lastKnownFileType = text.plist.xml; path = Info.plist; sourceTree = "<group>"; };
		2F0D51E71A5B337600322B0D /* MyTwitterTests.swift */ = {isa = PBXFileReference; lastKnownFileType = sourcecode.swift; path = MyTwitterTests.swift; sourceTree = "<group>"; };
		2F0D51F41A5B347900322B0D /* tweet.json */ = {isa = PBXFileReference; fileEncoding = 4; lastKnownFileType = text.json; path = tweet.json; sourceTree = "<group>"; };
		2F0D51F61A5B353100322B0D /* Tweet.swift */ = {isa = PBXFileReference; fileEncoding = 4; lastKnownFileType = sourcecode.swift; path = Tweet.swift; sourceTree = "<group>"; };
		2F0D51FC1A5B473800322B0D /* TweetCell.swift */ = {isa = PBXFileReference; fileEncoding = 4; lastKnownFileType = sourcecode.swift; path = TweetCell.swift; sourceTree = "<group>"; };
		2F901EF91A5EE5E200F671D5 /* TweetDetailViewController.swift */ = {isa = PBXFileReference; fileEncoding = 4; lastKnownFileType = sourcecode.swift; path = TweetDetailViewController.swift; sourceTree = "<group>"; };
		2FEBE9D61A5DDAF6009BE2A8 /* NetworkController.swift */ = {isa = PBXFileReference; fileEncoding = 4; lastKnownFileType = sourcecode.swift; path = NetworkController.swift; sourceTree = "<group>"; };
		2FEBE9E01A5E1F82009BE2A8 /* TweetDetail.swift */ = {isa = PBXFileReference; fileEncoding = 4; lastKnownFileType = sourcecode.swift; path = TweetDetail.swift; sourceTree = "<group>"; };
		2FF3924C1A5F48EC00622CD1 /* UserTimelineViewController.swift */ = {isa = PBXFileReference; fileEncoding = 4; lastKnownFileType = sourcecode.swift; path = UserTimelineViewController.swift; sourceTree = "<group>"; };
		2FF3924E1A5F537100622CD1 /* CustomTweetCell.xib */ = {isa = PBXFileReference; fileEncoding = 4; lastKnownFileType = file.xib; path = CustomTweetCell.xib; sourceTree = "<group>"; };
		2FF392501A5F570A00622CD1 /* CustomTweetCell.swift */ = {isa = PBXFileReference; fileEncoding = 4; lastKnownFileType = sourcecode.swift; path = CustomTweetCell.swift; sourceTree = "<group>"; };
/* End PBXFileReference section */

/* Begin PBXFrameworksBuildPhase section */
		2F0D51C91A5B337600322B0D /* Frameworks */ = {
			isa = PBXFrameworksBuildPhase;
			buildActionMask = 2147483647;
			files = (
			);
			runOnlyForDeploymentPostprocessing = 0;
		};
		2F0D51DE1A5B337600322B0D /* Frameworks */ = {
			isa = PBXFrameworksBuildPhase;
			buildActionMask = 2147483647;
			files = (
			);
			runOnlyForDeploymentPostprocessing = 0;
		};
/* End PBXFrameworksBuildPhase section */

/* Begin PBXGroup section */
		2F0D51C31A5B337600322B0D = {
			isa = PBXGroup;
			children = (
				2F0D51CE1A5B337600322B0D /* MyTwitter */,
				2F0D51E41A5B337600322B0D /* MyTwitterTests */,
				2F0D51CD1A5B337600322B0D /* Products */,
			);
			sourceTree = "<group>";
		};
		2F0D51CD1A5B337600322B0D /* Products */ = {
			isa = PBXGroup;
			children = (
				2F0D51CC1A5B337600322B0D /* MyTwitter.app */,
				2F0D51E11A5B337600322B0D /* MyTwitterTests.xctest */,
			);
			name = Products;
			sourceTree = "<group>";
		};
		2F0D51CE1A5B337600322B0D /* MyTwitter */ = {
			isa = PBXGroup;
			children = (
				2F0D51D11A5B337600322B0D /* AppDelegate.swift */,
				2F0D51F21A5B33C800322B0D /* Controllers */,
				2F0D51F11A5B33BF00322B0D /* Models */,
				2F0D51F31A5B33DE00322B0D /* Views */,
				2F0D51D81A5B337600322B0D /* Images.xcassets */,
				2F0D51CF1A5B337600322B0D /* Supporting Files */,
			);
			path = MyTwitter;
			sourceTree = "<group>";
		};
		2F0D51CF1A5B337600322B0D /* Supporting Files */ = {
			isa = PBXGroup;
			children = (
				2F0D51D01A5B337600322B0D /* Info.plist */,
			);
			name = "Supporting Files";
			sourceTree = "<group>";
		};
		2F0D51E41A5B337600322B0D /* MyTwitterTests */ = {
			isa = PBXGroup;
			children = (
				2F0D51E71A5B337600322B0D /* MyTwitterTests.swift */,
				2F0D51E51A5B337600322B0D /* Supporting Files */,
			);
			path = MyTwitterTests;
			sourceTree = "<group>";
		};
		2F0D51E51A5B337600322B0D /* Supporting Files */ = {
			isa = PBXGroup;
			children = (
				2F0D51E61A5B337600322B0D /* Info.plist */,
			);
			name = "Supporting Files";
			sourceTree = "<group>";
		};
		2F0D51F11A5B33BF00322B0D /* Models */ = {
			isa = PBXGroup;
			children = (
				2FF392501A5F570A00622CD1 /* CustomTweetCell.swift */,
				2F0D51F41A5B347900322B0D /* tweet.json */,
				2F0D51F61A5B353100322B0D /* Tweet.swift */,
				2FEBE9E01A5E1F82009BE2A8 /* TweetDetail.swift */,
			);
			name = Models;
			sourceTree = "<group>";
		};
		2F0D51F21A5B33C800322B0D /* Controllers */ = {
			isa = PBXGroup;
			children = (
				2FEBE9D61A5DDAF6009BE2A8 /* NetworkController.swift */,
				2F901EF91A5EE5E200F671D5 /* TweetDetailViewController.swift */,
				2FF3924C1A5F48EC00622CD1 /* UserTimelineViewController.swift */,
				2F0D51D31A5B337600322B0D /* ViewController.swift */,
			);
			name = Controllers;
			sourceTree = "<group>";
		};
		2F0D51F31A5B33DE00322B0D /* Views */ = {
			isa = PBXGroup;
			children = (
				2FF3924E1A5F537100622CD1 /* CustomTweetCell.xib */,
				2F0D51D51A5B337600322B0D /* Main.storyboard */,
				2F0D51FC1A5B473800322B0D /* TweetCell.swift */,
				2F0D51DA1A5B337600322B0D /* LaunchScreen.xib */,
			);
			name = Views;
			sourceTree = "<group>";
		};
/* End PBXGroup section */

/* Begin PBXNativeTarget section */
		2F0D51CB1A5B337600322B0D /* MyTwitter */ = {
			isa = PBXNativeTarget;
			buildConfigurationList = 2F0D51EB1A5B337600322B0D /* Build configuration list for PBXNativeTarget "MyTwitter" */;
			buildPhases = (
				2F0D51C81A5B337600322B0D /* Sources */,
				2F0D51C91A5B337600322B0D /* Frameworks */,
				2F0D51CA1A5B337600322B0D /* Resources */,
			);
			buildRules = (
			);
			dependencies = (
			);
			name = MyTwitter;
			productName = MyTwitter;
			productReference = 2F0D51CC1A5B337600322B0D /* MyTwitter.app */;
			productType = "com.apple.product-type.application";
		};
		2F0D51E01A5B337600322B0D /* MyTwitterTests */ = {
			isa = PBXNativeTarget;
			buildConfigurationList = 2F0D51EE1A5B337600322B0D /* Build configuration list for PBXNativeTarget "MyTwitterTests" */;
			buildPhases = (
				2F0D51DD1A5B337600322B0D /* Sources */,
				2F0D51DE1A5B337600322B0D /* Frameworks */,
				2F0D51DF1A5B337600322B0D /* Resources */,
			);
			buildRules = (
			);
			dependencies = (
				2F0D51E31A5B337600322B0D /* PBXTargetDependency */,
			);
			name = MyTwitterTests;
			productName = MyTwitterTests;
			productReference = 2F0D51E11A5B337600322B0D /* MyTwitterTests.xctest */;
			productType = "com.apple.product-type.bundle.unit-test";
		};
/* End PBXNativeTarget section */

/* Begin PBXProject section */
		2F0D51C41A5B337600322B0D /* Project object */ = {
			isa = PBXProject;
			attributes = {
				LastUpgradeCheck = 0610;
				ORGANIZATIONNAME = "John Leonard";
				TargetAttributes = {
					2F0D51CB1A5B337600322B0D = {
						CreatedOnToolsVersion = 6.1.1;
					};
					2F0D51E01A5B337600322B0D = {
						CreatedOnToolsVersion = 6.1.1;
						TestTargetID = 2F0D51CB1A5B337600322B0D;
					};
				};
			};
			buildConfigurationList = 2F0D51C71A5B337600322B0D /* Build configuration list for PBXProject "MyTwitter" */;
			compatibilityVersion = "Xcode 3.2";
			developmentRegion = English;
			hasScannedForEncodings = 0;
			knownRegions = (
				en,
				Base,
			);
			mainGroup = 2F0D51C31A5B337600322B0D;
			productRefGroup = 2F0D51CD1A5B337600322B0D /* Products */;
			projectDirPath = "";
			projectRoot = "";
			targets = (
				2F0D51CB1A5B337600322B0D /* MyTwitter */,
				2F0D51E01A5B337600322B0D /* MyTwitterTests */,
			);
		};
/* End PBXProject section */

/* Begin PBXResourcesBuildPhase section */
		2F0D51CA1A5B337600322B0D /* Resources */ = {
			isa = PBXResourcesBuildPhase;
			buildActionMask = 2147483647;
			files = (
				2F0D51D71A5B337600322B0D /* Main.storyboard in Resources */,
				2F0D51DC1A5B337600322B0D /* LaunchScreen.xib in Resources */,
				2FF3924F1A5F537100622CD1 /* CustomTweetCell.xib in Resources */,
				2F0D51D91A5B337600322B0D /* Images.xcassets in Resources */,
				2F0D51F51A5B347900322B0D /* tweet.json in Resources */,
			);
			runOnlyForDeploymentPostprocessing = 0;
		};
		2F0D51DF1A5B337600322B0D /* Resources */ = {
			isa = PBXResourcesBuildPhase;
			buildActionMask = 2147483647;
			files = (
			);
			runOnlyForDeploymentPostprocessing = 0;
		};
/* End PBXResourcesBuildPhase section */

/* Begin PBXSourcesBuildPhase section */
		2F0D51C81A5B337600322B0D /* Sources */ = {
			isa = PBXSourcesBuildPhase;
			buildActionMask = 2147483647;
			files = (
				2FF3924D1A5F48EC00622CD1 /* UserTimelineViewController.swift in Sources */,
				2FEBE9D71A5DDAF6009BE2A8 /* NetworkController.swift in Sources */,
				2FF392511A5F570A00622CD1 /* CustomTweetCell.swift in Sources */,
				2F0D51D41A5B337600322B0D /* ViewController.swift in Sources */,
				2F0D51F71A5B353100322B0D /* Tweet.swift in Sources */,
				2FEBE9E11A5E1F82009BE2A8 /* TweetDetail.swift in Sources */,
				2F0D51D21A5B337600322B0D /* AppDelegate.swift in Sources */,
				2F901EFA1A5EE5E200F671D5 /* TweetDetailViewController.swift in Sources */,
				2F0D51FD1A5B473800322B0D /* TweetCell.swift in Sources */,
			);
			runOnlyForDeploymentPostprocessing = 0;
		};
		2F0D51DD1A5B337600322B0D /* Sources */ = {
			isa = PBXSourcesBuildPhase;
			buildActionMask = 2147483647;
			files = (
				2F0D51E81A5B337600322B0D /* MyTwitterTests.swift in Sources */,
			);
			runOnlyForDeploymentPostprocessing = 0;
		};
/* End PBXSourcesBuildPhase section */

/* Begin PBXTargetDependency section */
		2F0D51E31A5B337600322B0D /* PBXTargetDependency */ = {
			isa = PBXTargetDependency;
			target = 2F0D51CB1A5B337600322B0D /* MyTwitter */;
			targetProxy = 2F0D51E21A5B337600322B0D /* PBXContainerItemProxy */;
		};
/* End PBXTargetDependency section */

/* Begin PBXVariantGroup section */
		2F0D51D51A5B337600322B0D /* Main.storyboard */ = {
			isa = PBXVariantGroup;
			children = (
				2F0D51D61A5B337600322B0D /* Base */,
			);
			name = Main.storyboard;
			sourceTree = "<group>";
		};
		2F0D51DA1A5B337600322B0D /* LaunchScreen.xib */ = {
			isa = PBXVariantGroup;
			children = (
				2F0D51DB1A5B337600322B0D /* Base */,
			);
			name = LaunchScreen.xib;
			sourceTree = "<group>";
		};
/* End PBXVariantGroup section */

/* Begin XCBuildConfiguration section */
		2F0D51E91A5B337600322B0D /* Debug */ = {
			isa = XCBuildConfiguration;
			buildSettings = {
				ALWAYS_SEARCH_USER_PATHS = NO;
				CLANG_CXX_LANGUAGE_STANDARD = "gnu++0x";
				CLANG_CXX_LIBRARY = "libc++";
				CLANG_ENABLE_MODULES = YES;
				CLANG_ENABLE_OBJC_ARC = YES;
				CLANG_WARN_BOOL_CONVERSION = YES;
				CLANG_WARN_CONSTANT_CONVERSION = YES;
				CLANG_WARN_DIRECT_OBJC_ISA_USAGE = YES_ERROR;
				CLANG_WARN_EMPTY_BODY = YES;
				CLANG_WARN_ENUM_CONVERSION = YES;
				CLANG_WARN_INT_CONVERSION = YES;
				CLANG_WARN_OBJC_ROOT_CLASS = YES_ERROR;
				CLANG_WARN_UNREACHABLE_CODE = YES;
				CLANG_WARN__DUPLICATE_METHOD_MATCH = YES;
				"CODE_SIGN_IDENTITY[sdk=iphoneos*]" = "iPhone Developer";
				COPY_PHASE_STRIP = NO;
				ENABLE_STRICT_OBJC_MSGSEND = YES;
				GCC_C_LANGUAGE_STANDARD = gnu99;
				GCC_DYNAMIC_NO_PIC = NO;
				GCC_OPTIMIZATION_LEVEL = 0;
				GCC_PREPROCESSOR_DEFINITIONS = (
					"DEBUG=1",
					"$(inherited)",
				);
				GCC_SYMBOLS_PRIVATE_EXTERN = NO;
				GCC_WARN_64_TO_32_BIT_CONVERSION = YES;
				GCC_WARN_ABOUT_RETURN_TYPE = YES_ERROR;
				GCC_WARN_UNDECLARED_SELECTOR = YES;
				GCC_WARN_UNINITIALIZED_AUTOS = YES_AGGRESSIVE;
				GCC_WARN_UNUSED_FUNCTION = YES;
				GCC_WARN_UNUSED_VARIABLE = YES;
				IPHONEOS_DEPLOYMENT_TARGET = 8.1;
				MTL_ENABLE_DEBUG_INFO = YES;
				ONLY_ACTIVE_ARCH = YES;
				SDKROOT = iphoneos;
				SWIFT_OPTIMIZATION_LEVEL = "-Onone";
				TARGETED_DEVICE_FAMILY = "1,2";
			};
			name = Debug;
		};
		2F0D51EA1A5B337600322B0D /* Release */ = {
			isa = XCBuildConfiguration;
			buildSettings = {
				ALWAYS_SEARCH_USER_PATHS = NO;
				CLANG_CXX_LANGUAGE_STANDARD = "gnu++0x";
				CLANG_CXX_LIBRARY = "libc++";
				CLANG_ENABLE_MODULES = YES;
				CLANG_ENABLE_OBJC_ARC = YES;
				CLANG_WARN_BOOL_CONVERSION = YES;
				CLANG_WARN_CONSTANT_CONVERSION = YES;
				CLANG_WARN_DIRECT_OBJC_ISA_USAGE = YES_ERROR;
				CLANG_WARN_EMPTY_BODY = YES;
				CLANG_WARN_ENUM_CONVERSION = YES;
				CLANG_WARN_INT_CONVERSION = YES;
				CLANG_WARN_OBJC_ROOT_CLASS = YES_ERROR;
				CLANG_WARN_UNREACHABLE_CODE = YES;
				CLANG_WARN__DUPLICATE_METHOD_MATCH = YES;
				"CODE_SIGN_IDENTITY[sdk=iphoneos*]" = "iPhone Developer";
				COPY_PHASE_STRIP = YES;
				ENABLE_NS_ASSERTIONS = NO;
				ENABLE_STRICT_OBJC_MSGSEND = YES;
				GCC_C_LANGUAGE_STANDARD = gnu99;
				GCC_WARN_64_TO_32_BIT_CONVERSION = YES;
				GCC_WARN_ABOUT_RETURN_TYPE = YES_ERROR;
				GCC_WARN_UNDECLARED_SELECTOR = YES;
				GCC_WARN_UNINITIALIZED_AUTOS = YES_AGGRESSIVE;
				GCC_WARN_UNUSED_FUNCTION = YES;
				GCC_WARN_UNUSED_VARIABLE = YES;
				IPHONEOS_DEPLOYMENT_TARGET = 8.1;
				MTL_ENABLE_DEBUG_INFO = NO;
				SDKROOT = iphoneos;
				TARGETED_DEVICE_FAMILY = "1,2";
				VALIDATE_PRODUCT = YES;
			};
			name = Release;
		};
		2F0D51EC1A5B337600322B0D /* Debug */ = {
			isa = XCBuildConfiguration;
			buildSettings = {
				ASSETCATALOG_COMPILER_APPICON_NAME = AppIcon;
				INFOPLIST_FILE = MyTwitter/Info.plist;
				LD_RUNPATH_SEARCH_PATHS = "$(inherited) @executable_path/Frameworks";
				PRODUCT_NAME = "$(TARGET_NAME)";
			};
			name = Debug;
		};
		2F0D51ED1A5B337600322B0D /* Release */ = {
			isa = XCBuildConfiguration;
			buildSettings = {
				ASSETCATALOG_COMPILER_APPICON_NAME = AppIcon;
				INFOPLIST_FILE = MyTwitter/Info.plist;
				LD_RUNPATH_SEARCH_PATHS = "$(inherited) @executable_path/Frameworks";
				PRODUCT_NAME = "$(TARGET_NAME)";
			};
			name = Release;
		};
		2F0D51EF1A5B337600322B0D /* Debug */ = {
			isa = XCBuildConfiguration;
			buildSettings = {
				BUNDLE_LOADER = "$(TEST_HOST)";
				FRAMEWORK_SEARCH_PATHS = (
					"$(SDKROOT)/Developer/Library/Frameworks",
					"$(inherited)",
				);
				GCC_PREPROCESSOR_DEFINITIONS = (
					"DEBUG=1",
					"$(inherited)",
				);
				INFOPLIST_FILE = MyTwitterTests/Info.plist;
				LD_RUNPATH_SEARCH_PATHS = "$(inherited) @executable_path/Frameworks @loader_path/Frameworks";
				PRODUCT_NAME = "$(TARGET_NAME)";
				TEST_HOST = "$(BUILT_PRODUCTS_DIR)/MyTwitter.app/MyTwitter";
			};
			name = Debug;
		};
		2F0D51F01A5B337600322B0D /* Release */ = {
			isa = XCBuildConfiguration;
			buildSettings = {
				BUNDLE_LOADER = "$(TEST_HOST)";
				FRAMEWORK_SEARCH_PATHS = (
					"$(SDKROOT)/Developer/Library/Frameworks",
					"$(inherited)",
				);
				INFOPLIST_FILE = MyTwitterTests/Info.plist;
				LD_RUNPATH_SEARCH_PATHS = "$(inherited) @executable_path/Frameworks @loader_path/Frameworks";
				PRODUCT_NAME = "$(TARGET_NAME)";
				TEST_HOST = "$(BUILT_PRODUCTS_DIR)/MyTwitter.app/MyTwitter";
			};
			name = Release;
		};
/* End XCBuildConfiguration section */

/* Begin XCConfigurationList section */
		2F0D51C71A5B337600322B0D /* Build configuration list for PBXProject "MyTwitter" */ = {
			isa = XCConfigurationList;
			buildConfigurations = (
				2F0D51E91A5B337600322B0D /* Debug */,
				2F0D51EA1A5B337600322B0D /* Release */,
			);
			defaultConfigurationIsVisible = 0;
			defaultConfigurationName = Release;
		};
		2F0D51EB1A5B337600322B0D /* Build configuration list for PBXNativeTarget "MyTwitter" */ = {
			isa = XCConfigurationList;
			buildConfigurations = (
				2F0D51EC1A5B337600322B0D /* Debug */,
				2F0D51ED1A5B337600322B0D /* Release */,
			);
			defaultConfigurationIsVisible = 0;
			defaultConfigurationName = Release;
		};
		2F0D51EE1A5B337600322B0D /* Build configuration list for PBXNativeTarget "MyTwitterTests" */ = {
			isa = XCConfigurationList;
			buildConfigurations = (
				2F0D51EF1A5B337600322B0D /* Debug */,
				2F0D51F01A5B337600322B0D /* Release */,
			);
			defaultConfigurationIsVisible = 0;
			defaultConfigurationName = Release;
		};
/* End XCConfigurationList section */
	};
	rootObject = 2F0D51C41A5B337600322B0D /* Project object */;
}
